
Microsoft Visual Studio Solution File, Format Version 12.00
# Visual Studio Version 16
VisualStudioVersion = 16.0.29911.84
MinimumVisualStudioVersion = 10.0.40219.1
Project("{FAE04EC0-301F-11D3-BF4B-00C04F79EFBC}") = "EditorDeTexto", "EditorDeTexto.csproj", "{CE645295-5809-4375-8FBC-F6ADFE04D9F2}"
EndProject
Global
	GlobalSection(SolutionConfigurationPlatforms) = preSolution
		Debug|Any CPU = Debug|Any CPU
		Release|Any CPU = Release|Any CPU
	EndGlobalSection
	GlobalSection(ProjectConfigurationPlatforms) = postSolution
		{CE645295-5809-4375-8FBC-F6ADFE04D9F2}.Debug|Any CPU.ActiveCfg = Debug|Any CPU
		{CE645295-5809-4375-8FBC-F6ADFE04D9F2}.Debug|Any CPU.Build.0 = Debug|Any CPU
		{CE645295-5809-4375-8FBC-F6ADFE04D9F2}.Release|Any CPU.ActiveCfg = Release|Any CPU
		{CE645295-5809-4375-8FBC-F6ADFE04D9F2}.Release|Any CPU.Build.0 = Release|Any CPU
	EndGlobalSection
	GlobalSection(SolutionProperties) = preSolution
		HideSolutionNode = FALSE
	EndGlobalSection
	GlobalSection(ExtensibilityGlobals) = postSolution
		SolutionGuid = {583D5ACA-1DE0-46D9-A54E-6DCE807729A2}
	EndGlobalSection
EndGlobal
